
Microsoft Visual Studio Solution File, Format Version 12.00
# Visual Studio Version 17
VisualStudioVersion = 17.8.34004.107
MinimumVisualStudioVersion = 10.0.40219.1
Project("{FAE04EC0-301F-11D3-BF4B-00C04F79EFBC}") = "BulkyWeb", "BulkyWeb\BulkyWeb.csproj", "{DD7A5CFF-2180-4858-B17C-82B5703BD945}"
EndProject
Global
	GlobalSection(SolutionConfigurationPlatforms) = preSolution
		Debug|Any CPU = Debug|Any CPU
		Release|Any CPU = Release|Any CPU
	EndGlobalSection
	GlobalSection(ProjectConfigurationPlatforms) = postSolution
		{DD7A5CFF-2180-4858-B17C-82B5703BD945}.Debug|Any CPU.ActiveCfg = Debug|Any CPU
		{DD7A5CFF-2180-4858-B17C-82B5703BD945}.Debug|Any CPU.Build.0 = Debug|Any CPU
		{DD7A5CFF-2180-4858-B17C-82B5703BD945}.Release|Any CPU.ActiveCfg = Release|Any CPU
		{DD7A5CFF-2180-4858-B17C-82B5703BD945}.Release|Any CPU.Build.0 = Release|Any CPU
	EndGlobalSection
	GlobalSection(SolutionProperties) = preSolution
		HideSolutionNode = FALSE
	EndGlobalSection
	GlobalSection(ExtensibilityGlobals) = postSolution
		SolutionGuid = {62858342-0894-4D1B-A74C-3350CD43C019}
	EndGlobalSection
EndGlobal
