
Microsoft Visual Studio Solution File, Format Version 12.00
# Visual Studio Version 17
VisualStudioVersion = 17.8.34004.107
MinimumVisualStudioVersion = 10.0.40219.1
Project("{9A19103F-16F7-4668-BE54-9A1E7A4F7556}") = "BulkyWeb", "BulkyWeb\BulkyWeb.csproj", "{DD7A5CFF-2180-4858-B17C-82B5703BD945}"
EndProject
Project("{FAE04EC0-301F-11D3-BF4B-00C04F79EFBC}") = "BulkyWebRazor_Temp", "BulkyWebRazor_Temp\BulkyWebRazor_Temp.csproj", "{7A5F3045-8AEF-4294-8FBB-EB78A1F54F84}"
EndProject
Project("{FAE04EC0-301F-11D3-BF4B-00C04F79EFBC}") = "BulkyWeb.DataAccess", "BulkyWeb.DataAccess\BulkyWeb.DataAccess.csproj", "{9B1392ED-064C-4B13-AC63-1D0A60E07EF5}"
EndProject
Project("{FAE04EC0-301F-11D3-BF4B-00C04F79EFBC}") = "BulkWeb.Models", "BulkWeb.Models\BulkWeb.Models.csproj", "{4C2E6077-9761-4975-89B7-68AAB85F1AC8}"
EndProject
Project("{FAE04EC0-301F-11D3-BF4B-00C04F79EFBC}") = "Bulky.Utility", "Bulky.Utility\Bulky.Utility.csproj", "{8985ABB1-44D3-458E-AB2D-F174970C1510}"
EndProject
Global
	GlobalSection(SolutionConfigurationPlatforms) = preSolution
		Debug|Any CPU = Debug|Any CPU
		Release|Any CPU = Release|Any CPU
	EndGlobalSection
	GlobalSection(ProjectConfigurationPlatforms) = postSolution
		{DD7A5CFF-2180-4858-B17C-82B5703BD945}.Debug|Any CPU.ActiveCfg = Debug|Any CPU
		{DD7A5CFF-2180-4858-B17C-82B5703BD945}.Debug|Any CPU.Build.0 = Debug|Any CPU
		{DD7A5CFF-2180-4858-B17C-82B5703BD945}.Release|Any CPU.ActiveCfg = Release|Any CPU
		{DD7A5CFF-2180-4858-B17C-82B5703BD945}.Release|Any CPU.Build.0 = Release|Any CPU
		{7A5F3045-8AEF-4294-8FBB-EB78A1F54F84}.Debug|Any CPU.ActiveCfg = Debug|Any CPU
		{7A5F3045-8AEF-4294-8FBB-EB78A1F54F84}.Debug|Any CPU.Build.0 = Debug|Any CPU
		{7A5F3045-8AEF-4294-8FBB-EB78A1F54F84}.Release|Any CPU.ActiveCfg = Release|Any CPU
		{7A5F3045-8AEF-4294-8FBB-EB78A1F54F84}.Release|Any CPU.Build.0 = Release|Any CPU
		{9B1392ED-064C-4B13-AC63-1D0A60E07EF5}.Debug|Any CPU.ActiveCfg = Debug|Any CPU
		{9B1392ED-064C-4B13-AC63-1D0A60E07EF5}.Debug|Any CPU.Build.0 = Debug|Any CPU
		{9B1392ED-064C-4B13-AC63-1D0A60E07EF5}.Release|Any CPU.ActiveCfg = Release|Any CPU
		{9B1392ED-064C-4B13-AC63-1D0A60E07EF5}.Release|Any CPU.Build.0 = Release|Any CPU
		{4C2E6077-9761-4975-89B7-68AAB85F1AC8}.Debug|Any CPU.ActiveCfg = Debug|Any CPU
		{4C2E6077-9761-4975-89B7-68AAB85F1AC8}.Debug|Any CPU.Build.0 = Debug|Any CPU
		{4C2E6077-9761-4975-89B7-68AAB85F1AC8}.Release|Any CPU.ActiveCfg = Release|Any CPU
		{4C2E6077-9761-4975-89B7-68AAB85F1AC8}.Release|Any CPU.Build.0 = Release|Any CPU
		{8985ABB1-44D3-458E-AB2D-F174970C1510}.Debug|Any CPU.ActiveCfg = Debug|Any CPU
		{8985ABB1-44D3-458E-AB2D-F174970C1510}.Debug|Any CPU.Build.0 = Debug|Any CPU
		{8985ABB1-44D3-458E-AB2D-F174970C1510}.Release|Any CPU.ActiveCfg = Release|Any CPU
		{8985ABB1-44D3-458E-AB2D-F174970C1510}.Release|Any CPU.Build.0 = Release|Any CPU
	EndGlobalSection
	GlobalSection(SolutionProperties) = preSolution
		HideSolutionNode = FALSE
	EndGlobalSection
	GlobalSection(ExtensibilityGlobals) = postSolution
		SolutionGuid = {62858342-0894-4D1B-A74C-3350CD43C019}
	EndGlobalSection
EndGlobal
